
Microsoft Visual Studio Solution File, Format Version 12.00
# Visual Studio Version 17
VisualStudioVersion = 17.8.34309.116
MinimumVisualStudioVersion = 10.0.40219.1
Project("{2150E333-8FDC-42A3-9474-1A3956D46DE8}") = "src", "src", "{84728350-6D3C-4B58-8F7D-B193A007B2DD}"
EndProject
Project("{2150E333-8FDC-42A3-9474-1A3956D46DE8}") = "Core", "Core", "{C9FCAC21-81A2-41DD-B8F8-C5391A887484}"
EndProject
Project("{2150E333-8FDC-42A3-9474-1A3956D46DE8}") = "Application", "Application", "{A5BEEA5E-7CF0-4164-9902-461786D5419B}"
EndProject
Project("{2150E333-8FDC-42A3-9474-1A3956D46DE8}") = "Domain", "Domain", "{EFDFEF97-99A7-46F1-927E-917ACB2D79BE}"
EndProject
Project("{2150E333-8FDC-42A3-9474-1A3956D46DE8}") = "API", "API", "{5896D1C4-B2F0-4B37-A03E-B50A070C7832}"
EndProject
Project("{2150E333-8FDC-42A3-9474-1A3956D46DE8}") = "UI", "UI", "{5BCD86CB-1239-4B86-8B4E-C67406B6AAF2}"
EndProject
Project("{2150E333-8FDC-42A3-9474-1A3956D46DE8}") = "Infrastructure", "Infrastructure", "{A84F896A-98F1-44C6-B343-85A4FE8A9F49}"
EndProject
Project("{9A19103F-16F7-4668-BE54-9A1E7A4F7556}") = "CleanArchitecture.Domain", "CleanArchitecture.Domain\CleanArchitecture.Domain.csproj", "{48D36CCB-E466-41CC-92E5-FF3A40A204A8}"
EndProject
Project("{9A19103F-16F7-4668-BE54-9A1E7A4F7556}") = "CleanArchitecture.Application", "CleanArchitecture.Application\CleanArchitecture.Application.csproj", "{0D639772-1461-4F2D-BCD3-996475E2AD84}"
EndProject
Project("{2150E333-8FDC-42A3-9474-1A3956D46DE8}") = "Persistence", "Persistence", "{D67DF3B0-EFAF-4ABC-8ECD-71240183AD6E}"
EndProject
Project("{9A19103F-16F7-4668-BE54-9A1E7A4F7556}") = "CleanArchitecture.Persistence", "CleanArchitecture.Persistence\CleanArchitecture.Persistence.csproj", "{85C89896-465D-4204-8626-D5ACA2A9F51B}"
EndProject
Project("{2150E333-8FDC-42A3-9474-1A3956D46DE8}") = "Infrastructure", "Infrastructure", "{DD8B435D-EE6B-4B07-8B33-E77D85501722}"
EndProject
Project("{FAE04EC0-301F-11D3-BF4B-00C04F79EFBC}") = "CleanArchitecture.Infrastructure", "CleanArchitecture.Infrastructure\CleanArchitecture.Infrastructure.csproj", "{A93DA417-2698-440F-83D0-015D85793040}"
EndProject
Project("{FAE04EC0-301F-11D3-BF4B-00C04F79EFBC}") = "CleanArchitecture.API", "CleanArchitecture.API\CleanArchitecture.API.csproj", "{CF8E502F-7A6D-4AA4-8E59-9592ED554370}"
EndProject
Global
	GlobalSection(SolutionConfigurationPlatforms) = preSolution
		Debug|Any CPU = Debug|Any CPU
		Release|Any CPU = Release|Any CPU
	EndGlobalSection
	GlobalSection(ProjectConfigurationPlatforms) = postSolution
		{48D36CCB-E466-41CC-92E5-FF3A40A204A8}.Debug|Any CPU.ActiveCfg = Debug|Any CPU
		{48D36CCB-E466-41CC-92E5-FF3A40A204A8}.Debug|Any CPU.Build.0 = Debug|Any CPU
		{48D36CCB-E466-41CC-92E5-FF3A40A204A8}.Release|Any CPU.ActiveCfg = Release|Any CPU
		{48D36CCB-E466-41CC-92E5-FF3A40A204A8}.Release|Any CPU.Build.0 = Release|Any CPU
		{0D639772-1461-4F2D-BCD3-996475E2AD84}.Debug|Any CPU.ActiveCfg = Debug|Any CPU
		{0D639772-1461-4F2D-BCD3-996475E2AD84}.Debug|Any CPU.Build.0 = Debug|Any CPU
		{0D639772-1461-4F2D-BCD3-996475E2AD84}.Release|Any CPU.ActiveCfg = Release|Any CPU
		{0D639772-1461-4F2D-BCD3-996475E2AD84}.Release|Any CPU.Build.0 = Release|Any CPU
		{85C89896-465D-4204-8626-D5ACA2A9F51B}.Debug|Any CPU.ActiveCfg = Debug|Any CPU
		{85C89896-465D-4204-8626-D5ACA2A9F51B}.Debug|Any CPU.Build.0 = Debug|Any CPU
		{85C89896-465D-4204-8626-D5ACA2A9F51B}.Release|Any CPU.ActiveCfg = Release|Any CPU
		{85C89896-465D-4204-8626-D5ACA2A9F51B}.Release|Any CPU.Build.0 = Release|Any CPU
		{A93DA417-2698-440F-83D0-015D85793040}.Debug|Any CPU.ActiveCfg = Debug|Any CPU
		{A93DA417-2698-440F-83D0-015D85793040}.Debug|Any CPU.Build.0 = Debug|Any CPU
		{A93DA417-2698-440F-83D0-015D85793040}.Release|Any CPU.ActiveCfg = Release|Any CPU
		{A93DA417-2698-440F-83D0-015D85793040}.Release|Any CPU.Build.0 = Release|Any CPU
		{CF8E502F-7A6D-4AA4-8E59-9592ED554370}.Debug|Any CPU.ActiveCfg = Debug|Any CPU
		{CF8E502F-7A6D-4AA4-8E59-9592ED554370}.Debug|Any CPU.Build.0 = Debug|Any CPU
		{CF8E502F-7A6D-4AA4-8E59-9592ED554370}.Release|Any CPU.ActiveCfg = Release|Any CPU
		{CF8E502F-7A6D-4AA4-8E59-9592ED554370}.Release|Any CPU.Build.0 = Release|Any CPU
	EndGlobalSection
	GlobalSection(SolutionProperties) = preSolution
		HideSolutionNode = FALSE
	EndGlobalSection
	GlobalSection(NestedProjects) = preSolution
		{C9FCAC21-81A2-41DD-B8F8-C5391A887484} = {84728350-6D3C-4B58-8F7D-B193A007B2DD}
		{A5BEEA5E-7CF0-4164-9902-461786D5419B} = {C9FCAC21-81A2-41DD-B8F8-C5391A887484}
		{EFDFEF97-99A7-46F1-927E-917ACB2D79BE} = {C9FCAC21-81A2-41DD-B8F8-C5391A887484}
		{5896D1C4-B2F0-4B37-A03E-B50A070C7832} = {84728350-6D3C-4B58-8F7D-B193A007B2DD}
		{5BCD86CB-1239-4B86-8B4E-C67406B6AAF2} = {84728350-6D3C-4B58-8F7D-B193A007B2DD}
		{A84F896A-98F1-44C6-B343-85A4FE8A9F49} = {84728350-6D3C-4B58-8F7D-B193A007B2DD}
		{48D36CCB-E466-41CC-92E5-FF3A40A204A8} = {EFDFEF97-99A7-46F1-927E-917ACB2D79BE}
		{0D639772-1461-4F2D-BCD3-996475E2AD84} = {A5BEEA5E-7CF0-4164-9902-461786D5419B}
		{D67DF3B0-EFAF-4ABC-8ECD-71240183AD6E} = {A84F896A-98F1-44C6-B343-85A4FE8A9F49}
		{85C89896-465D-4204-8626-D5ACA2A9F51B} = {D67DF3B0-EFAF-4ABC-8ECD-71240183AD6E}
		{DD8B435D-EE6B-4B07-8B33-E77D85501722} = {A84F896A-98F1-44C6-B343-85A4FE8A9F49}
		{A93DA417-2698-440F-83D0-015D85793040} = {DD8B435D-EE6B-4B07-8B33-E77D85501722}
		{CF8E502F-7A6D-4AA4-8E59-9592ED554370} = {5896D1C4-B2F0-4B37-A03E-B50A070C7832}
	EndGlobalSection
	GlobalSection(ExtensibilityGlobals) = postSolution
		SolutionGuid = {4C3B98CC-C09C-471F-861C-7C03541F8788}
	EndGlobalSection
EndGlobal
